// !$*UTF8*$!
{
	archiveVersion = 1;
	classes = {
	};
	objectVersion = 51;
	objects = {

/* Begin PBXBuildFile section */
		0CB345988FD647736E518024 /* Pods_CovidCasesTests.framework in Frameworks */ = {isa = PBXBuildFile; fileRef = B8F5EDCBE986C3FD7C0480AC /* Pods_CovidCasesTests.framework */; };
		254B577C242520270063488C /* UIImageView+Extensions.swift in Sources */ = {isa = PBXBuildFile; fileRef = 254B577B242520270063488C /* UIImageView+Extensions.swift */; };
		254B577F242520F20063488C /* CoronaButton.swift in Sources */ = {isa = PBXBuildFile; fileRef = 254B577E242520F20063488C /* CoronaButton.swift */; };
		254B5782242526B60063488C /* ButtonState.swift in Sources */ = {isa = PBXBuildFile; fileRef = 254B5781242526B60063488C /* ButtonState.swift */; };
		254B578A242537E30063488C /* OnboardCoordinator.swift in Sources */ = {isa = PBXBuildFile; fileRef = 254B5785242537E30063488C /* OnboardCoordinator.swift */; };
		254B578B242537E30063488C /* OnboardViewModelDelegate.swift in Sources */ = {isa = PBXBuildFile; fileRef = 254B5786242537E30063488C /* OnboardViewModelDelegate.swift */; };
		254B578C242537E30063488C /* OnboardViewController.swift in Sources */ = {isa = PBXBuildFile; fileRef = 254B5787242537E30063488C /* OnboardViewController.swift */; };
		254B578D242537E30063488C /* OnboardView.swift in Sources */ = {isa = PBXBuildFile; fileRef = 254B5788242537E30063488C /* OnboardView.swift */; };
		254B578E242537E30063488C /* OnboardViewModel.swift in Sources */ = {isa = PBXBuildFile; fileRef = 254B5789242537E30063488C /* OnboardViewModel.swift */; };
		254CC656242FB7A000EB9D81 /* CovidCasesCoordinator.swift in Sources */ = {isa = PBXBuildFile; fileRef = 254CC655242FB7A000EB9D81 /* CovidCasesCoordinator.swift */; };
		254CC65F242FB81200EB9D81 /* CovidCasesViewController.swift in Sources */ = {isa = PBXBuildFile; fileRef = 254CC65A242FB81200EB9D81 /* CovidCasesViewController.swift */; };
		254CC660242FB81200EB9D81 /* CovidCasesView.swift in Sources */ = {isa = PBXBuildFile; fileRef = 254CC65B242FB81200EB9D81 /* CovidCasesView.swift */; };
		254CC661242FB81200EB9D81 /* CovidCasesPresenter.swift in Sources */ = {isa = PBXBuildFile; fileRef = 254CC65C242FB81200EB9D81 /* CovidCasesPresenter.swift */; };
		254CC663242FBD9500EB9D81 /* LocationPermissionViewModelDelegate.swift in Sources */ = {isa = PBXBuildFile; fileRef = 254CC662242FBD9500EB9D81 /* LocationPermissionViewModelDelegate.swift */; };
		254CC6722432A9DF00EB9D81 /* PreventionTipsView.swift in Sources */ = {isa = PBXBuildFile; fileRef = 254CC6712432A9DF00EB9D81 /* PreventionTipsView.swift */; };
		257DF580241D83DD00B5EB06 /* LocationPermissionView.swift in Sources */ = {isa = PBXBuildFile; fileRef = 257DF57F241D83DD00B5EB06 /* LocationPermissionView.swift */; };
		257DF584241D8AC000B5EB06 /* ViewCodeProtocol.swift in Sources */ = {isa = PBXBuildFile; fileRef = 257DF583241D8AC000B5EB06 /* ViewCodeProtocol.swift */; };
		257DF587241D8C0100B5EB06 /* UIView+Extensions.swift in Sources */ = {isa = PBXBuildFile; fileRef = 257DF586241D8C0100B5EB06 /* UIView+Extensions.swift */; };
		2580643724213DCE00D90E23 /* CustomColors.swift in Sources */ = {isa = PBXBuildFile; fileRef = 2580643624213DCE00D90E23 /* CustomColors.swift */; };
		25806439242141E700D90E23 /* UIColor+Extensions.swift in Sources */ = {isa = PBXBuildFile; fileRef = 25806438242141E700D90E23 /* UIColor+Extensions.swift */; };
		2580643E24226B2E00D90E23 /* R.generated.swift in Sources */ = {isa = PBXBuildFile; fileRef = 2580643D24226B2E00D90E23 /* R.generated.swift */; };
		258064452422B2D700D90E23 /* Localizable.strings in Resources */ = {isa = PBXBuildFile; fileRef = 258064472422B2D700D90E23 /* Localizable.strings */; };
		2580644B2423C1F400D90E23 /* LocationPermissionViewModel.swift in Sources */ = {isa = PBXBuildFile; fileRef = 2580644A2423C1F400D90E23 /* LocationPermissionViewModel.swift */; };
		2580644D2423E9BF00D90E23 /* LocationManagerProtocol.swift in Sources */ = {isa = PBXBuildFile; fileRef = 2580644C2423E9BF00D90E23 /* LocationManagerProtocol.swift */; };
		258064502423E9FB00D90E23 /* AuthorizationResult.swift in Sources */ = {isa = PBXBuildFile; fileRef = 2580644F2423E9FB00D90E23 /* AuthorizationResult.swift */; };
		258064522423EA2E00D90E23 /* LocationResult.swift in Sources */ = {isa = PBXBuildFile; fileRef = 258064512423EA2E00D90E23 /* LocationResult.swift */; };
		258064562423EA9D00D90E23 /* LocationManager.swift in Sources */ = {isa = PBXBuildFile; fileRef = 258064552423EA9D00D90E23 /* LocationManager.swift */; };
		258064592423EB1900D90E23 /* CLLocationManagerProtocol.swift in Sources */ = {isa = PBXBuildFile; fileRef = 258064582423EB1900D90E23 /* CLLocationManagerProtocol.swift */; };
		2580645B2423EBD700D90E23 /* ReverseGeocodeResult.swift in Sources */ = {isa = PBXBuildFile; fileRef = 2580645A2423EBD700D90E23 /* ReverseGeocodeResult.swift */; };
		2580645D2423EC1300D90E23 /* CLGeocoderProtocol.swift in Sources */ = {isa = PBXBuildFile; fileRef = 2580645C2423EC1300D90E23 /* CLGeocoderProtocol.swift */; };
		258064622423FE4800D90E23 /* InfoPlist.strings in Resources */ = {isa = PBXBuildFile; fileRef = 258064642423FE4800D90E23 /* InfoPlist.strings */; };
		258A83152468A26200F63F54 /* PreventionTips.swift in Sources */ = {isa = PBXBuildFile; fileRef = 258A83142468A26200F63F54 /* PreventionTips.swift */; };
		258A8319246988D600F63F54 /* PreventionTipsCoordinator.swift in Sources */ = {isa = PBXBuildFile; fileRef = 258A8318246988D600F63F54 /* PreventionTipsCoordinator.swift */; };
		259D9B7624674C1A0068B930 /* CovidCasesFonts.swift in Sources */ = {isa = PBXBuildFile; fileRef = 259D9B7524674C1A0068B930 /* CovidCasesFonts.swift */; };
		259D9B7824689B120068B930 /* PreventionTipsViewModel.swift in Sources */ = {isa = PBXBuildFile; fileRef = 259D9B7724689B120068B930 /* PreventionTipsViewModel.swift */; };
		25E2B98E243D48050061EF96 /* TipView.swift in Sources */ = {isa = PBXBuildFile; fileRef = 25E2B98D243D48050061EF96 /* TipView.swift */; };
		25FAF445245642000075300B /* StaticSlidableScreen.swift in Sources */ = {isa = PBXBuildFile; fileRef = 25FAF444245642000075300B /* StaticSlidableScreen.swift */; };
		25FAF44724564B580075300B /* PreventionTipsViewController.swift in Sources */ = {isa = PBXBuildFile; fileRef = 25FAF44624564B580075300B /* PreventionTipsViewController.swift */; };
		6332113E241D7D7F00DE444F /* LocationPermissionCoordinator.swift in Sources */ = {isa = PBXBuildFile; fileRef = 6332113D241D7D7F00DE444F /* LocationPermissionCoordinator.swift */; };
		63321141241D7E4800DE444F /* LocationPermissionViewController.swift in Sources */ = {isa = PBXBuildFile; fileRef = 63321140241D7E4800DE444F /* LocationPermissionViewController.swift */; };
		6332114E241D91BA00DE444F /* Country.swift in Sources */ = {isa = PBXBuildFile; fileRef = 6332114A241D91BA00DE444F /* Country.swift */; };
		63321155241D953300DE444F /* NetworkDispatcher.swift in Sources */ = {isa = PBXBuildFile; fileRef = 63321154241D953300DE444F /* NetworkDispatcher.swift */; };
		63321157241D955600DE444F /* Response.swift in Sources */ = {isa = PBXBuildFile; fileRef = 63321156241D955600DE444F /* Response.swift */; };
		63321159241D956500DE444F /* Result.swift in Sources */ = {isa = PBXBuildFile; fileRef = 63321158241D956500DE444F /* Result.swift */; };
		6332115B241D956D00DE444F /* ResponseStatus.swift in Sources */ = {isa = PBXBuildFile; fileRef = 6332115A241D956D00DE444F /* ResponseStatus.swift */; };
		6332115D241D957B00DE444F /* NetworkRequest.swift in Sources */ = {isa = PBXBuildFile; fileRef = 6332115C241D957B00DE444F /* NetworkRequest.swift */; };
		6332115F241D958600DE444F /* NetworkCore.swift in Sources */ = {isa = PBXBuildFile; fileRef = 6332115E241D958600DE444F /* NetworkCore.swift */; };
		63321162241D95C400DE444F /* NetworkErrorContract.swift in Sources */ = {isa = PBXBuildFile; fileRef = 63321161241D95C400DE444F /* NetworkErrorContract.swift */; };
		63321164241D960A00DE444F /* NetworkError.swift in Sources */ = {isa = PBXBuildFile; fileRef = 63321163241D960A00DE444F /* NetworkError.swift */; };
		63321166241D961500DE444F /* NetworkErrorType.swift in Sources */ = {isa = PBXBuildFile; fileRef = 63321165241D961500DE444F /* NetworkErrorType.swift */; };
		6332116A241D9B7C00DE444F /* CoronaNetworkRequest.swift in Sources */ = {isa = PBXBuildFile; fileRef = 63321169241D9B7C00DE444F /* CoronaNetworkRequest.swift */; };
		6332116C241D9CBB00DE444F /* CovidCasesService.swift in Sources */ = {isa = PBXBuildFile; fileRef = 6332116B241D9CBB00DE444F /* CovidCasesService.swift */; };
		6332116F241D9CFB00DE444F /* ServiceContract.swift in Sources */ = {isa = PBXBuildFile; fileRef = 6332116E241D9CFB00DE444F /* ServiceContract.swift */; };
		635D35C12431349300A98FD4 /* CovidCasesPresenterContract.swift in Sources */ = {isa = PBXBuildFile; fileRef = 635D35C02431349300A98FD4 /* CovidCasesPresenterContract.swift */; };
		635D35C3243134B700A98FD4 /* CovidCasesCoordinatorContract.swift in Sources */ = {isa = PBXBuildFile; fileRef = 635D35C2243134B700A98FD4 /* CovidCasesCoordinatorContract.swift */; };
		635D35C52431354800A98FD4 /* CovidCasesViewContract.swift in Sources */ = {isa = PBXBuildFile; fileRef = 635D35C42431354800A98FD4 /* CovidCasesViewContract.swift */; };
		635D35C72431371300A98FD4 /* CovidCasesServiceContract.swift in Sources */ = {isa = PBXBuildFile; fileRef = 635D35C62431371300A98FD4 /* CovidCasesServiceContract.swift */; };
		636FDFCB24315DD500144D1C /* CovidCasesViewState.swift in Sources */ = {isa = PBXBuildFile; fileRef = 636FDFCA24315DD500144D1C /* CovidCasesViewState.swift */; };
		636FDFCF2431649400144D1C /* CovidCasesDataSourceDelegate.swift in Sources */ = {isa = PBXBuildFile; fileRef = 636FDFCE2431649400144D1C /* CovidCasesDataSourceDelegate.swift */; };
		63867B7324705D9000FA5A2E /* CountryFormatter.swift in Sources */ = {isa = PBXBuildFile; fileRef = 63867B7224705D9000FA5A2E /* CountryFormatter.swift */; };
		63867B7524705DBE00FA5A2E /* TableViewListable.swift in Sources */ = {isa = PBXBuildFile; fileRef = 63867B7424705DBE00FA5A2E /* TableViewListable.swift */; };
		63867B7724705DF100FA5A2E /* CovidCasesListable.swift in Sources */ = {isa = PBXBuildFile; fileRef = 63867B7624705DF100FA5A2E /* CovidCasesListable.swift */; };
		63867B7924705E0E00FA5A2E /* CovidCasesSearchListable.swift in Sources */ = {isa = PBXBuildFile; fileRef = 63867B7824705E0E00FA5A2E /* CovidCasesSearchListable.swift */; };
		638A15B7241D5A9400896601 /* AppDelegate.swift in Sources */ = {isa = PBXBuildFile; fileRef = 638A15B6241D5A9400896601 /* AppDelegate.swift */; };
		638A15B9241D5A9400896601 /* SceneDelegate.swift in Sources */ = {isa = PBXBuildFile; fileRef = 638A15B8241D5A9400896601 /* SceneDelegate.swift */; };
		638A15C0241D5A9600896601 /* Assets.xcassets in Resources */ = {isa = PBXBuildFile; fileRef = 638A15BF241D5A9600896601 /* Assets.xcassets */; };
		638A15C3241D5A9600896601 /* LaunchScreen.storyboard in Resources */ = {isa = PBXBuildFile; fileRef = 638A15C1241D5A9600896601 /* LaunchScreen.storyboard */; };
		638A15CE241D5A9700896601 /* CovidCasesTests.swift in Sources */ = {isa = PBXBuildFile; fileRef = 638A15CD241D5A9700896601 /* CovidCasesTests.swift */; };
		638A15DC241D69FA00896601 /* Coordinator.swift in Sources */ = {isa = PBXBuildFile; fileRef = 638A15DB241D69FA00896601 /* Coordinator.swift */; };
		638A15DE241D6A0700896601 /* AppCoordinator.swift in Sources */ = {isa = PBXBuildFile; fileRef = 638A15DD241D6A0700896601 /* AppCoordinator.swift */; };
		638A15E4241D74F300896601 /* PushedCoordinator.swift in Sources */ = {isa = PBXBuildFile; fileRef = 638A15E3241D74F300896601 /* PushedCoordinator.swift */; };
		638A15E6241D750900896601 /* ShowedCoordinator.swift in Sources */ = {isa = PBXBuildFile; fileRef = 638A15E5241D750900896601 /* ShowedCoordinator.swift */; };
		63E7AEC3242E8E56006F3A93 /* BaseResponse.swift in Sources */ = {isa = PBXBuildFile; fileRef = 63E7AEC2242E8E56006F3A93 /* BaseResponse.swift */; };
		63E7AEC5242E9097006F3A93 /* Cases.swift in Sources */ = {isa = PBXBuildFile; fileRef = 63E7AEC4242E9097006F3A93 /* Cases.swift */; };
		63E7AEC7242E90A1006F3A93 /* Deaths.swift in Sources */ = {isa = PBXBuildFile; fileRef = 63E7AEC6242E90A1006F3A93 /* Deaths.swift */; };
		63F3010124706B5F003DA98F /* CellConfigurable.swift in Sources */ = {isa = PBXBuildFile; fileRef = 63F3010024706B5F003DA98F /* CellConfigurable.swift */; };
		63F3010424708377003DA98F /* CovidCasesHeaderView.swift in Sources */ = {isa = PBXBuildFile; fileRef = 63F3010324708377003DA98F /* CovidCasesHeaderView.swift */; };
		63F30107247083EC003DA98F /* CovidCasesHeaderType.swift in Sources */ = {isa = PBXBuildFile; fileRef = 63F30106247083EC003DA98F /* CovidCasesHeaderType.swift */; };
		63F301092470845A003DA98F /* CovidCasesHeaderStyle.swift in Sources */ = {isa = PBXBuildFile; fileRef = 63F301082470845A003DA98F /* CovidCasesHeaderStyle.swift */; };
		63F3010B247086F1003DA98F /* CountryListFormatter.swift in Sources */ = {isa = PBXBuildFile; fileRef = 63F3010A247086F1003DA98F /* CountryListFormatter.swift */; };
		63FDD3A22431672A0038C02B /* CellReusable.swift in Sources */ = {isa = PBXBuildFile; fileRef = 63FDD3A12431672A0038C02B /* CellReusable.swift */; };
		63FDD3A52431676F0038C02B /* UITableView+Reusable.swift in Sources */ = {isa = PBXBuildFile; fileRef = 63FDD3A42431676F0038C02B /* UITableView+Reusable.swift */; };
		63FDD3A8243168640038C02B /* CovidCasesTableViewCell.swift in Sources */ = {isa = PBXBuildFile; fileRef = 63FDD3A7243168640038C02B /* CovidCasesTableViewCell.swift */; };
		9AA491B156A71B01FE1B6241 /* Pods_CovidCases.framework in Frameworks */ = {isa = PBXBuildFile; fileRef = B6EA87C1876CEA29F52D6828 /* Pods_CovidCases.framework */; };
/* End PBXBuildFile section */

/* Begin PBXContainerItemProxy section */
		638A15CA241D5A9700896601 /* PBXContainerItemProxy */ = {
			isa = PBXContainerItemProxy;
			containerPortal = 638A15AB241D5A9400896601 /* Project object */;
			proxyType = 1;
			remoteGlobalIDString = 638A15B2241D5A9400896601;
			remoteInfo = CoronaCases;
		};
/* End PBXContainerItemProxy section */

/* Begin PBXFileReference section */
		1A97A49AD08FE1E74CF2930B /* Pods-CoronaCasesTests.release.xcconfig */ = {isa = PBXFileReference; includeInIndex = 1; lastKnownFileType = text.xcconfig; name = "Pods-CoronaCasesTests.release.xcconfig"; path = "Target Support Files/Pods-CoronaCasesTests/Pods-CoronaCasesTests.release.xcconfig"; sourceTree = "<group>"; };
		24CF4106346E6FCC6FCC429C /* Pods-CoronaCasesTests.debug.xcconfig */ = {isa = PBXFileReference; includeInIndex = 1; lastKnownFileType = text.xcconfig; name = "Pods-CoronaCasesTests.debug.xcconfig"; path = "Target Support Files/Pods-CoronaCasesTests/Pods-CoronaCasesTests.debug.xcconfig"; sourceTree = "<group>"; };
		254B577B242520270063488C /* UIImageView+Extensions.swift */ = {isa = PBXFileReference; lastKnownFileType = sourcecode.swift; path = "UIImageView+Extensions.swift"; sourceTree = "<group>"; };
		254B577E242520F20063488C /* CoronaButton.swift */ = {isa = PBXFileReference; lastKnownFileType = sourcecode.swift; path = CoronaButton.swift; sourceTree = "<group>"; };
		254B5781242526B60063488C /* ButtonState.swift */ = {isa = PBXFileReference; lastKnownFileType = sourcecode.swift; path = ButtonState.swift; sourceTree = "<group>"; };
		254B5785242537E30063488C /* OnboardCoordinator.swift */ = {isa = PBXFileReference; lastKnownFileType = sourcecode.swift; path = OnboardCoordinator.swift; sourceTree = "<group>"; };
		254B5786242537E30063488C /* OnboardViewModelDelegate.swift */ = {isa = PBXFileReference; lastKnownFileType = sourcecode.swift; path = OnboardViewModelDelegate.swift; sourceTree = "<group>"; };
		254B5787242537E30063488C /* OnboardViewController.swift */ = {isa = PBXFileReference; lastKnownFileType = sourcecode.swift; path = OnboardViewController.swift; sourceTree = "<group>"; };
		254B5788242537E30063488C /* OnboardView.swift */ = {isa = PBXFileReference; lastKnownFileType = sourcecode.swift; path = OnboardView.swift; sourceTree = "<group>"; };
		254B5789242537E30063488C /* OnboardViewModel.swift */ = {isa = PBXFileReference; lastKnownFileType = sourcecode.swift; path = OnboardViewModel.swift; sourceTree = "<group>"; };
		254CC655242FB7A000EB9D81 /* CovidCasesCoordinator.swift */ = {isa = PBXFileReference; lastKnownFileType = sourcecode.swift; path = CovidCasesCoordinator.swift; sourceTree = "<group>"; };
		254CC65A242FB81200EB9D81 /* CovidCasesViewController.swift */ = {isa = PBXFileReference; lastKnownFileType = sourcecode.swift; path = CovidCasesViewController.swift; sourceTree = "<group>"; };
		254CC65B242FB81200EB9D81 /* CovidCasesView.swift */ = {isa = PBXFileReference; lastKnownFileType = sourcecode.swift; path = CovidCasesView.swift; sourceTree = "<group>"; };
		254CC65C242FB81200EB9D81 /* CovidCasesPresenter.swift */ = {isa = PBXFileReference; lastKnownFileType = sourcecode.swift; path = CovidCasesPresenter.swift; sourceTree = "<group>"; };
		254CC662242FBD9500EB9D81 /* LocationPermissionViewModelDelegate.swift */ = {isa = PBXFileReference; lastKnownFileType = sourcecode.swift; path = LocationPermissionViewModelDelegate.swift; sourceTree = "<group>"; };
		254CC6712432A9DF00EB9D81 /* PreventionTipsView.swift */ = {isa = PBXFileReference; lastKnownFileType = sourcecode.swift; path = PreventionTipsView.swift; sourceTree = "<group>"; };
		257DF57F241D83DD00B5EB06 /* LocationPermissionView.swift */ = {isa = PBXFileReference; lastKnownFileType = sourcecode.swift; path = LocationPermissionView.swift; sourceTree = "<group>"; };
		257DF583241D8AC000B5EB06 /* ViewCodeProtocol.swift */ = {isa = PBXFileReference; lastKnownFileType = sourcecode.swift; path = ViewCodeProtocol.swift; sourceTree = "<group>"; };
		257DF586241D8C0100B5EB06 /* UIView+Extensions.swift */ = {isa = PBXFileReference; lastKnownFileType = sourcecode.swift; path = "UIView+Extensions.swift"; sourceTree = "<group>"; };
		2580643624213DCE00D90E23 /* CustomColors.swift */ = {isa = PBXFileReference; lastKnownFileType = sourcecode.swift; path = CustomColors.swift; sourceTree = "<group>"; };
		25806438242141E700D90E23 /* UIColor+Extensions.swift */ = {isa = PBXFileReference; lastKnownFileType = sourcecode.swift; path = "UIColor+Extensions.swift"; sourceTree = "<group>"; };
		2580643D24226B2E00D90E23 /* R.generated.swift */ = {isa = PBXFileReference; fileEncoding = 4; lastKnownFileType = sourcecode.swift; name = R.generated.swift; path = ../../../R.generated.swift; sourceTree = "<group>"; };
		258064442422B25100D90E23 /* pt-BR */ = {isa = PBXFileReference; lastKnownFileType = text.plist.strings; name = "pt-BR"; path = "pt-BR.lproj/LaunchScreen.strings"; sourceTree = "<group>"; };
		258064462422B2D700D90E23 /* en */ = {isa = PBXFileReference; lastKnownFileType = text.plist.strings; name = en; path = en.lproj/Localizable.strings; sourceTree = "<group>"; };
		258064482422B2DF00D90E23 /* pt-BR */ = {isa = PBXFileReference; lastKnownFileType = text.plist.strings; name = "pt-BR"; path = "pt-BR.lproj/Localizable.strings"; sourceTree = "<group>"; };
		2580644A2423C1F400D90E23 /* LocationPermissionViewModel.swift */ = {isa = PBXFileReference; lastKnownFileType = sourcecode.swift; path = LocationPermissionViewModel.swift; sourceTree = "<group>"; };
		2580644C2423E9BF00D90E23 /* LocationManagerProtocol.swift */ = {isa = PBXFileReference; lastKnownFileType = sourcecode.swift; path = LocationManagerProtocol.swift; sourceTree = "<group>"; };
		2580644F2423E9FB00D90E23 /* AuthorizationResult.swift */ = {isa = PBXFileReference; lastKnownFileType = sourcecode.swift; path = AuthorizationResult.swift; sourceTree = "<group>"; };
		258064512423EA2E00D90E23 /* LocationResult.swift */ = {isa = PBXFileReference; lastKnownFileType = sourcecode.swift; path = LocationResult.swift; sourceTree = "<group>"; };
		258064552423EA9D00D90E23 /* LocationManager.swift */ = {isa = PBXFileReference; lastKnownFileType = sourcecode.swift; path = LocationManager.swift; sourceTree = "<group>"; };
		258064582423EB1900D90E23 /* CLLocationManagerProtocol.swift */ = {isa = PBXFileReference; lastKnownFileType = sourcecode.swift; path = CLLocationManagerProtocol.swift; sourceTree = "<group>"; };
		2580645A2423EBD700D90E23 /* ReverseGeocodeResult.swift */ = {isa = PBXFileReference; lastKnownFileType = sourcecode.swift; path = ReverseGeocodeResult.swift; sourceTree = "<group>"; };
		2580645C2423EC1300D90E23 /* CLGeocoderProtocol.swift */ = {isa = PBXFileReference; lastKnownFileType = sourcecode.swift; path = CLGeocoderProtocol.swift; sourceTree = "<group>"; };
		258064632423FE4800D90E23 /* pt-BR */ = {isa = PBXFileReference; lastKnownFileType = text.plist.strings; name = "pt-BR"; path = "pt-BR.lproj/InfoPlist.strings"; sourceTree = "<group>"; };
		258064652424044700D90E23 /* en */ = {isa = PBXFileReference; lastKnownFileType = text.plist.strings; name = en; path = en.lproj/InfoPlist.strings; sourceTree = "<group>"; };
		258A83142468A26200F63F54 /* PreventionTips.swift */ = {isa = PBXFileReference; lastKnownFileType = sourcecode.swift; path = PreventionTips.swift; sourceTree = "<group>"; };
		258A8318246988D600F63F54 /* PreventionTipsCoordinator.swift */ = {isa = PBXFileReference; lastKnownFileType = sourcecode.swift; path = PreventionTipsCoordinator.swift; sourceTree = "<group>"; };
		259D9B7524674C1A0068B930 /* CovidCasesFonts.swift */ = {isa = PBXFileReference; lastKnownFileType = sourcecode.swift; path = CovidCasesFonts.swift; sourceTree = "<group>"; };
		259D9B7724689B120068B930 /* PreventionTipsViewModel.swift */ = {isa = PBXFileReference; lastKnownFileType = sourcecode.swift; path = PreventionTipsViewModel.swift; sourceTree = "<group>"; };
		259D9B7D2468A1D20068B930 /* PreventionTipsView.swift */ = {isa = PBXFileReference; lastKnownFileType = sourcecode.swift; name = PreventionTipsView.swift; path = CoronaCases/Presentation/PreventionTips/View/PreventionTipsView.swift; sourceTree = "<group>"; };
		25E2B98D243D48050061EF96 /* TipView.swift */ = {isa = PBXFileReference; lastKnownFileType = sourcecode.swift; path = TipView.swift; sourceTree = "<group>"; };
		25FAF444245642000075300B /* StaticSlidableScreen.swift */ = {isa = PBXFileReference; lastKnownFileType = sourcecode.swift; path = StaticSlidableScreen.swift; sourceTree = "<group>"; };
		25FAF44624564B580075300B /* PreventionTipsViewController.swift */ = {isa = PBXFileReference; lastKnownFileType = sourcecode.swift; path = PreventionTipsViewController.swift; sourceTree = "<group>"; };
		2F9558C39D5CC73B74C8C565 /* Pods-CoronaCases.release.xcconfig */ = {isa = PBXFileReference; includeInIndex = 1; lastKnownFileType = text.xcconfig; name = "Pods-CoronaCases.release.xcconfig"; path = "Target Support Files/Pods-CoronaCases/Pods-CoronaCases.release.xcconfig"; sourceTree = "<group>"; };
		55FBD1A88E3A6B726B2DEF97 /* Pods-CovidCasesTests.release.xcconfig */ = {isa = PBXFileReference; includeInIndex = 1; lastKnownFileType = text.xcconfig; name = "Pods-CovidCasesTests.release.xcconfig"; path = "Target Support Files/Pods-CovidCasesTests/Pods-CovidCasesTests.release.xcconfig"; sourceTree = "<group>"; };
		6332113D241D7D7F00DE444F /* LocationPermissionCoordinator.swift */ = {isa = PBXFileReference; lastKnownFileType = sourcecode.swift; path = LocationPermissionCoordinator.swift; sourceTree = "<group>"; };
		63321140241D7E4800DE444F /* LocationPermissionViewController.swift */ = {isa = PBXFileReference; lastKnownFileType = sourcecode.swift; path = LocationPermissionViewController.swift; sourceTree = "<group>"; };
		6332114A241D91BA00DE444F /* Country.swift */ = {isa = PBXFileReference; fileEncoding = 4; lastKnownFileType = sourcecode.swift; path = Country.swift; sourceTree = "<group>"; };
		63321154241D953300DE444F /* NetworkDispatcher.swift */ = {isa = PBXFileReference; lastKnownFileType = sourcecode.swift; path = NetworkDispatcher.swift; sourceTree = "<group>"; };
		63321156241D955600DE444F /* Response.swift */ = {isa = PBXFileReference; lastKnownFileType = sourcecode.swift; path = Response.swift; sourceTree = "<group>"; };
		63321158241D956500DE444F /* Result.swift */ = {isa = PBXFileReference; lastKnownFileType = sourcecode.swift; path = Result.swift; sourceTree = "<group>"; };
		6332115A241D956D00DE444F /* ResponseStatus.swift */ = {isa = PBXFileReference; lastKnownFileType = sourcecode.swift; path = ResponseStatus.swift; sourceTree = "<group>"; };
		6332115C241D957B00DE444F /* NetworkRequest.swift */ = {isa = PBXFileReference; lastKnownFileType = sourcecode.swift; path = NetworkRequest.swift; sourceTree = "<group>"; };
		6332115E241D958600DE444F /* NetworkCore.swift */ = {isa = PBXFileReference; lastKnownFileType = sourcecode.swift; path = NetworkCore.swift; sourceTree = "<group>"; };
		63321161241D95C400DE444F /* NetworkErrorContract.swift */ = {isa = PBXFileReference; lastKnownFileType = sourcecode.swift; path = NetworkErrorContract.swift; sourceTree = "<group>"; };
		63321163241D960A00DE444F /* NetworkError.swift */ = {isa = PBXFileReference; lastKnownFileType = sourcecode.swift; path = NetworkError.swift; sourceTree = "<group>"; };
		63321165241D961500DE444F /* NetworkErrorType.swift */ = {isa = PBXFileReference; lastKnownFileType = sourcecode.swift; path = NetworkErrorType.swift; sourceTree = "<group>"; };
		63321169241D9B7C00DE444F /* CoronaNetworkRequest.swift */ = {isa = PBXFileReference; lastKnownFileType = sourcecode.swift; path = CoronaNetworkRequest.swift; sourceTree = "<group>"; };
		6332116B241D9CBB00DE444F /* CovidCasesService.swift */ = {isa = PBXFileReference; lastKnownFileType = sourcecode.swift; path = CovidCasesService.swift; sourceTree = "<group>"; };
		6332116E241D9CFB00DE444F /* ServiceContract.swift */ = {isa = PBXFileReference; lastKnownFileType = sourcecode.swift; path = ServiceContract.swift; sourceTree = "<group>"; };
		635D35C02431349300A98FD4 /* CovidCasesPresenterContract.swift */ = {isa = PBXFileReference; lastKnownFileType = sourcecode.swift; path = CovidCasesPresenterContract.swift; sourceTree = "<group>"; };
		635D35C2243134B700A98FD4 /* CovidCasesCoordinatorContract.swift */ = {isa = PBXFileReference; lastKnownFileType = sourcecode.swift; path = CovidCasesCoordinatorContract.swift; sourceTree = "<group>"; };
		635D35C42431354800A98FD4 /* CovidCasesViewContract.swift */ = {isa = PBXFileReference; lastKnownFileType = sourcecode.swift; path = CovidCasesViewContract.swift; sourceTree = "<group>"; };
		635D35C62431371300A98FD4 /* CovidCasesServiceContract.swift */ = {isa = PBXFileReference; lastKnownFileType = sourcecode.swift; path = CovidCasesServiceContract.swift; sourceTree = "<group>"; };
		636FDFCA24315DD500144D1C /* CovidCasesViewState.swift */ = {isa = PBXFileReference; lastKnownFileType = sourcecode.swift; path = CovidCasesViewState.swift; sourceTree = "<group>"; };
		636FDFCE2431649400144D1C /* CovidCasesDataSourceDelegate.swift */ = {isa = PBXFileReference; lastKnownFileType = sourcecode.swift; path = CovidCasesDataSourceDelegate.swift; sourceTree = "<group>"; };
		63867B7224705D9000FA5A2E /* CountryFormatter.swift */ = {isa = PBXFileReference; lastKnownFileType = sourcecode.swift; path = CountryFormatter.swift; sourceTree = "<group>"; };
		63867B7424705DBE00FA5A2E /* TableViewListable.swift */ = {isa = PBXFileReference; lastKnownFileType = sourcecode.swift; path = TableViewListable.swift; sourceTree = "<group>"; };
		63867B7624705DF100FA5A2E /* CovidCasesListable.swift */ = {isa = PBXFileReference; lastKnownFileType = sourcecode.swift; path = CovidCasesListable.swift; sourceTree = "<group>"; };
		63867B7824705E0E00FA5A2E /* CovidCasesSearchListable.swift */ = {isa = PBXFileReference; lastKnownFileType = sourcecode.swift; path = CovidCasesSearchListable.swift; sourceTree = "<group>"; };
		638A15B3241D5A9400896601 /* CovidCases.app */ = {isa = PBXFileReference; explicitFileType = wrapper.application; includeInIndex = 0; path = CovidCases.app; sourceTree = BUILT_PRODUCTS_DIR; };
		638A15B6241D5A9400896601 /* AppDelegate.swift */ = {isa = PBXFileReference; lastKnownFileType = sourcecode.swift; path = AppDelegate.swift; sourceTree = "<group>"; };
		638A15B8241D5A9400896601 /* SceneDelegate.swift */ = {isa = PBXFileReference; lastKnownFileType = sourcecode.swift; path = SceneDelegate.swift; sourceTree = "<group>"; };
		638A15BF241D5A9600896601 /* Assets.xcassets */ = {isa = PBXFileReference; lastKnownFileType = folder.assetcatalog; path = Assets.xcassets; sourceTree = "<group>"; };
		638A15C2241D5A9600896601 /* Base */ = {isa = PBXFileReference; lastKnownFileType = file.storyboard; name = Base; path = Base.lproj/LaunchScreen.storyboard; sourceTree = "<group>"; };
		638A15C4241D5A9600896601 /* Info.plist */ = {isa = PBXFileReference; lastKnownFileType = text.plist.xml; path = Info.plist; sourceTree = "<group>"; };
		638A15C9241D5A9700896601 /* CovidCasesTests.xctest */ = {isa = PBXFileReference; explicitFileType = wrapper.cfbundle; includeInIndex = 0; path = CovidCasesTests.xctest; sourceTree = BUILT_PRODUCTS_DIR; };
		638A15CD241D5A9700896601 /* CovidCasesTests.swift */ = {isa = PBXFileReference; lastKnownFileType = sourcecode.swift; path = CovidCasesTests.swift; sourceTree = "<group>"; };
		638A15CF241D5A9700896601 /* Info.plist */ = {isa = PBXFileReference; lastKnownFileType = text.plist.xml; path = Info.plist; sourceTree = "<group>"; };
		638A15DB241D69FA00896601 /* Coordinator.swift */ = {isa = PBXFileReference; lastKnownFileType = sourcecode.swift; path = Coordinator.swift; sourceTree = "<group>"; };
		638A15DD241D6A0700896601 /* AppCoordinator.swift */ = {isa = PBXFileReference; lastKnownFileType = sourcecode.swift; path = AppCoordinator.swift; sourceTree = "<group>"; };
		638A15E3241D74F300896601 /* PushedCoordinator.swift */ = {isa = PBXFileReference; lastKnownFileType = sourcecode.swift; path = PushedCoordinator.swift; sourceTree = "<group>"; };
		638A15E5241D750900896601 /* ShowedCoordinator.swift */ = {isa = PBXFileReference; lastKnownFileType = sourcecode.swift; path = ShowedCoordinator.swift; sourceTree = "<group>"; };
		63E7AEC2242E8E56006F3A93 /* BaseResponse.swift */ = {isa = PBXFileReference; lastKnownFileType = sourcecode.swift; path = BaseResponse.swift; sourceTree = "<group>"; };
		63E7AEC4242E9097006F3A93 /* Cases.swift */ = {isa = PBXFileReference; lastKnownFileType = sourcecode.swift; path = Cases.swift; sourceTree = "<group>"; };
		63E7AEC6242E90A1006F3A93 /* Deaths.swift */ = {isa = PBXFileReference; lastKnownFileType = sourcecode.swift; path = Deaths.swift; sourceTree = "<group>"; };
		63F3010024706B5F003DA98F /* CellConfigurable.swift */ = {isa = PBXFileReference; lastKnownFileType = sourcecode.swift; path = CellConfigurable.swift; sourceTree = "<group>"; };
		63F3010324708377003DA98F /* CovidCasesHeaderView.swift */ = {isa = PBXFileReference; lastKnownFileType = sourcecode.swift; path = CovidCasesHeaderView.swift; sourceTree = "<group>"; };
		63F30106247083EC003DA98F /* CovidCasesHeaderType.swift */ = {isa = PBXFileReference; lastKnownFileType = sourcecode.swift; name = CovidCasesHeaderType.swift; path = ../../../../../../../../../Desktop/CovidCasesHeaderType.swift; sourceTree = "<group>"; };
		63F301082470845A003DA98F /* CovidCasesHeaderStyle.swift */ = {isa = PBXFileReference; lastKnownFileType = sourcecode.swift; path = CovidCasesHeaderStyle.swift; sourceTree = "<group>"; };
		63F3010A247086F1003DA98F /* CountryListFormatter.swift */ = {isa = PBXFileReference; lastKnownFileType = sourcecode.swift; path = CountryListFormatter.swift; sourceTree = "<group>"; };
		63FDD3A12431672A0038C02B /* CellReusable.swift */ = {isa = PBXFileReference; lastKnownFileType = sourcecode.swift; path = CellReusable.swift; sourceTree = "<group>"; };
		63FDD3A42431676F0038C02B /* UITableView+Reusable.swift */ = {isa = PBXFileReference; lastKnownFileType = sourcecode.swift; path = "UITableView+Reusable.swift"; sourceTree = "<group>"; };
		63FDD3A7243168640038C02B /* CovidCasesTableViewCell.swift */ = {isa = PBXFileReference; lastKnownFileType = sourcecode.swift; path = CovidCasesTableViewCell.swift; sourceTree = "<group>"; };
		A7D09BBDEA05939DEAF4BE2E /* Pods-CoronaCases.debug.xcconfig */ = {isa = PBXFileReference; includeInIndex = 1; lastKnownFileType = text.xcconfig; name = "Pods-CoronaCases.debug.xcconfig"; path = "Target Support Files/Pods-CoronaCases/Pods-CoronaCases.debug.xcconfig"; sourceTree = "<group>"; };
		B1FFC35417004F922FF1E329 /* Pods-CovidCases.release.xcconfig */ = {isa = PBXFileReference; includeInIndex = 1; lastKnownFileType = text.xcconfig; name = "Pods-CovidCases.release.xcconfig"; path = "Target Support Files/Pods-CovidCases/Pods-CovidCases.release.xcconfig"; sourceTree = "<group>"; };
		B6EA87C1876CEA29F52D6828 /* Pods_CovidCases.framework */ = {isa = PBXFileReference; explicitFileType = wrapper.framework; includeInIndex = 0; path = Pods_CovidCases.framework; sourceTree = BUILT_PRODUCTS_DIR; };
		B8F5EDCBE986C3FD7C0480AC /* Pods_CovidCasesTests.framework */ = {isa = PBXFileReference; explicitFileType = wrapper.framework; includeInIndex = 0; path = Pods_CovidCasesTests.framework; sourceTree = BUILT_PRODUCTS_DIR; };
		CC64F89307C74725D2F604F4 /* Pods-CovidCasesTests.debug.xcconfig */ = {isa = PBXFileReference; includeInIndex = 1; lastKnownFileType = text.xcconfig; name = "Pods-CovidCasesTests.debug.xcconfig"; path = "Target Support Files/Pods-CovidCasesTests/Pods-CovidCasesTests.debug.xcconfig"; sourceTree = "<group>"; };
		EEA12ADD9797BB596A444339 /* Pods-CovidCases.debug.xcconfig */ = {isa = PBXFileReference; includeInIndex = 1; lastKnownFileType = text.xcconfig; name = "Pods-CovidCases.debug.xcconfig"; path = "Target Support Files/Pods-CovidCases/Pods-CovidCases.debug.xcconfig"; sourceTree = "<group>"; };
/* End PBXFileReference section */

/* Begin PBXFrameworksBuildPhase section */
		638A15B0241D5A9400896601 /* Frameworks */ = {
			isa = PBXFrameworksBuildPhase;
			buildActionMask = 2147483647;
			files = (
				9AA491B156A71B01FE1B6241 /* Pods_CovidCases.framework in Frameworks */,
			);
			runOnlyForDeploymentPostprocessing = 0;
		};
		638A15C6241D5A9700896601 /* Frameworks */ = {
			isa = PBXFrameworksBuildPhase;
			buildActionMask = 2147483647;
			files = (
				0CB345988FD647736E518024 /* Pods_CovidCasesTests.framework in Frameworks */,
			);
			runOnlyForDeploymentPostprocessing = 0;
		};
/* End PBXFrameworksBuildPhase section */

/* Begin PBXGroup section */
		254B577D242520CC0063488C /* Components */ = {
			isa = PBXGroup;
			children = (
				25FAF443245641E70075300B /* StaticSlidableScreen */,
				25E2B98C243D47E20061EF96 /* TipView */,
				254B5780242526A30063488C /* CoronaButton */,
			);
			path = Components;
			sourceTree = "<group>";
		};
		254B5780242526A30063488C /* CoronaButton */ = {
			isa = PBXGroup;
			children = (
				254B577E242520F20063488C /* CoronaButton.swift */,
				254B5781242526B60063488C /* ButtonState.swift */,
			);
			path = CoronaButton;
			sourceTree = "<group>";
		};
		254B5784242537A90063488C /* Onboard */ = {
			isa = PBXGroup;
			children = (
				635D35BC243131F400A98FD4 /* Coordinator */,
				254B579024253A4A0063488C /* ViewModel */,
				254B578F24253A3C0063488C /* View */,
				254B5787242537E30063488C /* OnboardViewController.swift */,
			);
			path = Onboard;
			sourceTree = "<group>";
		};
		254B578F24253A3C0063488C /* View */ = {
			isa = PBXGroup;
			children = (
				254B5788242537E30063488C /* OnboardView.swift */,
			);
			path = View;
			sourceTree = "<group>";
		};
		254B579024253A4A0063488C /* ViewModel */ = {
			isa = PBXGroup;
			children = (
				254B5786242537E30063488C /* OnboardViewModelDelegate.swift */,
				254B5789242537E30063488C /* OnboardViewModel.swift */,
			);
			path = ViewModel;
			sourceTree = "<group>";
		};
		254CC657242FB7F700EB9D81 /* CovidCases */ = {
			isa = PBXGroup;
			children = (
				63F30105247083D0003DA98F /* Enum */,
				63867B7024705D7700FA5A2E /* Formatter */,
				635D35BE2431320F00A98FD4 /* Coordinator */,
				254CC66524312AA500EB9D81 /* Presenter */,
				635D35BF2431326700A98FD4 /* Service */,
				636FDFD02431649800144D1C /* DataSourceDelegate */,
				254CC66424312A9F00EB9D81 /* View */,
			);
			path = CovidCases;
			sourceTree = "<group>";
		};
		254CC66424312A9F00EB9D81 /* View */ = {
			isa = PBXGroup;
			children = (
				63F301022470832F003DA98F /* Header */,
				63FDD3A6243168270038C02B /* TableViewCell */,
				254CC65B242FB81200EB9D81 /* CovidCasesView.swift */,
				635D35C42431354800A98FD4 /* CovidCasesViewContract.swift */,
				254CC65A242FB81200EB9D81 /* CovidCasesViewController.swift */,
			);
			path = View;
			sourceTree = "<group>";
		};
		254CC66524312AA500EB9D81 /* Presenter */ = {
			isa = PBXGroup;
			children = (
				254CC65C242FB81200EB9D81 /* CovidCasesPresenter.swift */,
				635D35C02431349300A98FD4 /* CovidCasesPresenterContract.swift */,
			);
			path = Presenter;
			sourceTree = "<group>";
		};
		254CC6732432A9E400EB9D81 /* PreventionTips */ = {
			isa = PBXGroup;
			children = (
				259D9B7A24689B3B0068B930 /* ViewModel */,
				259D9B7924689B2F0068B930 /* View */,
				25FAF44624564B580075300B /* PreventionTipsViewController.swift */,
			);
			path = PreventionTips;
			sourceTree = "<group>";
		};
		257DF581241D8A2A00B5EB06 /* View */ = {
			isa = PBXGroup;
			children = (
				257DF57F241D83DD00B5EB06 /* LocationPermissionView.swift */,
			);
			path = View;
			sourceTree = "<group>";
		};
		257DF582241D8AAD00B5EB06 /* Protocols */ = {
			isa = PBXGroup;
			children = (
				63FDD39E243166B60038C02B /* View */,
			);
			path = Protocols;
			sourceTree = "<group>";
		};
		257DF585241D8BE600B5EB06 /* Extensions */ = {
			isa = PBXGroup;
			children = (
				63FDD3A3243167620038C02B /* TableView */,
				63FDD3A0243166D30038C02B /* Style */,
				63FDD39F243166CA0038C02B /* View */,
			);
			path = Extensions;
			sourceTree = "<group>";
		};
		2580644124229DC300D90E23 /* Font */ = {
			isa = PBXGroup;
			children = (
				259D9B7524674C1A0068B930 /* CovidCasesFonts.swift */,
			);
			path = Font;
			sourceTree = "<group>";
		};
		258064492423C1DA00D90E23 /* ViewModel */ = {
			isa = PBXGroup;
			children = (
				2580644A2423C1F400D90E23 /* LocationPermissionViewModel.swift */,
				254CC662242FBD9500EB9D81 /* LocationPermissionViewModelDelegate.swift */,
			);
			path = ViewModel;
			sourceTree = "<group>";
		};
		2580644E2423E9E500D90E23 /* Managers */ = {
			isa = PBXGroup;
			children = (
				258064542423EA8D00D90E23 /* Location */,
			);
			path = Managers;
			sourceTree = "<group>";
		};
		258064532423EA5600D90E23 /* Enum */ = {
			isa = PBXGroup;
			children = (
				2580644F2423E9FB00D90E23 /* AuthorizationResult.swift */,
				258064512423EA2E00D90E23 /* LocationResult.swift */,
				2580645A2423EBD700D90E23 /* ReverseGeocodeResult.swift */,
			);
			path = Enum;
			sourceTree = "<group>";
		};
		258064542423EA8D00D90E23 /* Location */ = {
			isa = PBXGroup;
			children = (
				258064572423EAFE00D90E23 /* Protocols */,
				258064532423EA5600D90E23 /* Enum */,
				258064552423EA9D00D90E23 /* LocationManager.swift */,
			);
			path = Location;
			sourceTree = "<group>";
		};
		258064572423EAFE00D90E23 /* Protocols */ = {
			isa = PBXGroup;
			children = (
				2580644C2423E9BF00D90E23 /* LocationManagerProtocol.swift */,
				258064582423EB1900D90E23 /* CLLocationManagerProtocol.swift */,
				2580645C2423EC1300D90E23 /* CLGeocoderProtocol.swift */,
			);
			path = Protocols;
			sourceTree = "<group>";
		};
		258064602423F7C900D90E23 /* Strings */ = {
			isa = PBXGroup;
			children = (
				258064472422B2D700D90E23 /* Localizable.strings */,
				258064642423FE4800D90E23 /* InfoPlist.strings */,
			);
			path = Strings;
			sourceTree = "<group>";
		};
		258064612423F7D700D90E23 /* VisualResources */ = {
			isa = PBXGroup;
			children = (
				2580643624213DCE00D90E23 /* CustomColors.swift */,
			);
			path = VisualResources;
			sourceTree = "<group>";
		};
		258A83132468A25500F63F54 /* Enum */ = {
			isa = PBXGroup;
			children = (
				258A83142468A26200F63F54 /* PreventionTips.swift */,
			);
			path = Enum;
			sourceTree = "<group>";
		};
		259D9B7924689B2F0068B930 /* View */ = {
			isa = PBXGroup;
			children = (
				258A83132468A25500F63F54 /* Enum */,
				254CC6712432A9DF00EB9D81 /* PreventionTipsView.swift */,
			);
			path = View;
			sourceTree = "<group>";
		};
		259D9B7A24689B3B0068B930 /* ViewModel */ = {
			isa = PBXGroup;
			children = (
				259D9B7724689B120068B930 /* PreventionTipsViewModel.swift */,
			);
			path = ViewModel;
			sourceTree = "<group>";
		};
		25E2B98C243D47E20061EF96 /* TipView */ = {
			isa = PBXGroup;
			children = (
				25E2B98D243D48050061EF96 /* TipView.swift */,
			);
			path = TipView;
			sourceTree = "<group>";
		};
		25FAF443245641E70075300B /* StaticSlidableScreen */ = {
			isa = PBXGroup;
			children = (
				25FAF444245642000075300B /* StaticSlidableScreen.swift */,
			);
			path = StaticSlidableScreen;
			sourceTree = "<group>";
		};
		6332113F241D7DB600DE444F /* LocationPermission */ = {
			isa = PBXGroup;
			children = (
				635D35BD2431320200A98FD4 /* Coordinator */,
				258064492423C1DA00D90E23 /* ViewModel */,
				257DF581241D8A2A00B5EB06 /* View */,
				63321140241D7E4800DE444F /* LocationPermissionViewController.swift */,
			);
			path = LocationPermission;
			sourceTree = "<group>";
		};
		63321142241D7FCF00DE444F /* Resources */ = {
			isa = PBXGroup;
			children = (
				258064612423F7D700D90E23 /* VisualResources */,
				258064602423F7C900D90E23 /* Strings */,
				2580644124229DC300D90E23 /* Font */,
				638A15BF241D5A9600896601 /* Assets.xcassets */,
				638A15C1241D5A9600896601 /* LaunchScreen.storyboard */,
				638A15C4241D5A9600896601 /* Info.plist */,
				2580643D24226B2E00D90E23 /* R.generated.swift */,
			);
			path = Resources;
			sourceTree = "<group>";
		};
		63321143241D801A00DE444F /* Data */ = {
			isa = PBXGroup;
			children = (
				63321152241D947500DE444F /* Source */,
				63321149241D919000DE444F /* Model */,
			);
			path = Data;
			sourceTree = "<group>";
		};
		63321149241D919000DE444F /* Model */ = {
			isa = PBXGroup;
			children = (
				63E7AEC2242E8E56006F3A93 /* BaseResponse.swift */,
				6332114A241D91BA00DE444F /* Country.swift */,
				63E7AEC4242E9097006F3A93 /* Cases.swift */,
				63E7AEC6242E90A1006F3A93 /* Deaths.swift */,
			);
			path = Model;
			sourceTree = "<group>";
		};
		63321152241D947500DE444F /* Source */ = {
			isa = PBXGroup;
			children = (
				63321153241D950E00DE444F /* Network */,
			);
			path = Source;
			sourceTree = "<group>";
		};
		63321153241D950E00DE444F /* Network */ = {
			isa = PBXGroup;
			children = (
				6332116D241D9CEE00DE444F /* Service */,
				63321168241D9B0500DE444F /* Requests */,
				63321167241D9AA900DE444F /* Main */,
				63321160241D95A800DE444F /* Error */,
			);
			path = Network;
			sourceTree = "<group>";
		};
		63321160241D95A800DE444F /* Error */ = {
			isa = PBXGroup;
			children = (
				63321163241D960A00DE444F /* NetworkError.swift */,
				63321161241D95C400DE444F /* NetworkErrorContract.swift */,
				63321165241D961500DE444F /* NetworkErrorType.swift */,
			);
			path = Error;
			sourceTree = "<group>";
		};
		63321167241D9AA900DE444F /* Main */ = {
			isa = PBXGroup;
			children = (
				6332115E241D958600DE444F /* NetworkCore.swift */,
				63321154241D953300DE444F /* NetworkDispatcher.swift */,
				6332115C241D957B00DE444F /* NetworkRequest.swift */,
				63321156241D955600DE444F /* Response.swift */,
				6332115A241D956D00DE444F /* ResponseStatus.swift */,
				63321158241D956500DE444F /* Result.swift */,
			);
			path = Main;
			sourceTree = "<group>";
		};
		63321168241D9B0500DE444F /* Requests */ = {
			isa = PBXGroup;
			children = (
				63321169241D9B7C00DE444F /* CoronaNetworkRequest.swift */,
			);
			path = Requests;
			sourceTree = "<group>";
		};
		6332116D241D9CEE00DE444F /* Service */ = {
			isa = PBXGroup;
			children = (
				6332116E241D9CFB00DE444F /* ServiceContract.swift */,
			);
			path = Service;
			sourceTree = "<group>";
		};
		635D35BC243131F400A98FD4 /* Coordinator */ = {
			isa = PBXGroup;
			children = (
				254B5785242537E30063488C /* OnboardCoordinator.swift */,
			);
			path = Coordinator;
			sourceTree = "<group>";
		};
		635D35BD2431320200A98FD4 /* Coordinator */ = {
			isa = PBXGroup;
			children = (
				6332113D241D7D7F00DE444F /* LocationPermissionCoordinator.swift */,
			);
			path = Coordinator;
			sourceTree = "<group>";
		};
		635D35BE2431320F00A98FD4 /* Coordinator */ = {
			isa = PBXGroup;
			children = (
				254CC655242FB7A000EB9D81 /* CovidCasesCoordinator.swift */,
				635D35C2243134B700A98FD4 /* CovidCasesCoordinatorContract.swift */,
			);
			path = Coordinator;
			sourceTree = "<group>";
		};
		635D35BF2431326700A98FD4 /* Service */ = {
			isa = PBXGroup;
			children = (
				6332116B241D9CBB00DE444F /* CovidCasesService.swift */,
				635D35C62431371300A98FD4 /* CovidCasesServiceContract.swift */,
			);
			path = Service;
			sourceTree = "<group>";
		};
		636FDFD02431649800144D1C /* DataSourceDelegate */ = {
			isa = PBXGroup;
			children = (
				636FDFCE2431649400144D1C /* CovidCasesDataSourceDelegate.swift */,
				63867B7624705DF100FA5A2E /* CovidCasesListable.swift */,
				63867B7824705E0E00FA5A2E /* CovidCasesSearchListable.swift */,
			);
			path = DataSourceDelegate;
			sourceTree = "<group>";
		};
		63867B7024705D7700FA5A2E /* Formatter */ = {
			isa = PBXGroup;
			children = (
				63867B7224705D9000FA5A2E /* CountryFormatter.swift */,
				63F3010A247086F1003DA98F /* CountryListFormatter.swift */,
			);
			path = Formatter;
			sourceTree = "<group>";
		};
		638A15AA241D5A9400896601 = {
			isa = PBXGroup;
			children = (
				259D9B7D2468A1D20068B930 /* PreventionTipsView.swift */,
				638A15B5241D5A9400896601 /* CoronaCases */,
				638A15CC241D5A9700896601 /* CoronaCasesTests */,
				638A15B4241D5A9400896601 /* Products */,
				6F72F3595D50AE210578EE79 /* Pods */,
				D73803CE2513B71A6025825E /* Frameworks */,
			);
			sourceTree = "<group>";
		};
		638A15B4241D5A9400896601 /* Products */ = {
			isa = PBXGroup;
			children = (
				638A15B3241D5A9400896601 /* CovidCases.app */,
				638A15C9241D5A9700896601 /* CovidCasesTests.xctest */,
			);
			name = Products;
			sourceTree = "<group>";
		};
		638A15B5241D5A9400896601 /* CoronaCases */ = {
			isa = PBXGroup;
			children = (
				63321143241D801A00DE444F /* Data */,
				638A15D8241D688200896601 /* Infrastructure */,
				638A15D9241D688C00896601 /* Presentation */,
				638A15B6241D5A9400896601 /* AppDelegate.swift */,
				638A15B8241D5A9400896601 /* SceneDelegate.swift */,
			);
			path = CoronaCases;
			sourceTree = "<group>";
		};
		638A15CC241D5A9700896601 /* CoronaCasesTests */ = {
			isa = PBXGroup;
			children = (
				638A15CD241D5A9700896601 /* CovidCasesTests.swift */,
				638A15CF241D5A9700896601 /* Info.plist */,
			);
			path = CoronaCasesTests;
			sourceTree = "<group>";
		};
		638A15D8241D688200896601 /* Infrastructure */ = {
			isa = PBXGroup;
			children = (
				254B577D242520CC0063488C /* Components */,
				257DF582241D8AAD00B5EB06 /* Protocols */,
				2580644E2423E9E500D90E23 /* Managers */,
				257DF585241D8BE600B5EB06 /* Extensions */,
				638A15DA241D68E500896601 /* Coordinator */,
				63321142241D7FCF00DE444F /* Resources */,
			);
			path = Infrastructure;
			sourceTree = "<group>";
		};
		638A15D9241D688C00896601 /* Presentation */ = {
			isa = PBXGroup;
			children = (
				254CC6732432A9E400EB9D81 /* PreventionTips */,
				254CC657242FB7F700EB9D81 /* CovidCases */,
				254B5784242537A90063488C /* Onboard */,
				6332113F241D7DB600DE444F /* LocationPermission */,
			);
			path = Presentation;
			sourceTree = "<group>";
		};
		638A15DA241D68E500896601 /* Coordinator */ = {
			isa = PBXGroup;
			children = (
				638A15E7241D75B800896601 /* Protocol */,
				638A15DD241D6A0700896601 /* AppCoordinator.swift */,
				258A8318246988D600F63F54 /* PreventionTipsCoordinator.swift */,
			);
			path = Coordinator;
			sourceTree = "<group>";
		};
		638A15E7241D75B800896601 /* Protocol */ = {
			isa = PBXGroup;
			children = (
				638A15DB241D69FA00896601 /* Coordinator.swift */,
				638A15E5241D750900896601 /* ShowedCoordinator.swift */,
				638A15E3241D74F300896601 /* PushedCoordinator.swift */,
			);
			path = Protocol;
			sourceTree = "<group>";
		};
		63F301022470832F003DA98F /* Header */ = {
			isa = PBXGroup;
			children = (
				63F3010324708377003DA98F /* CovidCasesHeaderView.swift */,
				63F301082470845A003DA98F /* CovidCasesHeaderStyle.swift */,
			);
			path = Header;
			sourceTree = "<group>";
		};
		63F30105247083D0003DA98F /* Enum */ = {
			isa = PBXGroup;
			children = (
				636FDFCA24315DD500144D1C /* CovidCasesViewState.swift */,
				63F30106247083EC003DA98F /* CovidCasesHeaderType.swift */,
			);
			path = Enum;
			sourceTree = "<group>";
		};
		63FDD39E243166B60038C02B /* View */ = {
			isa = PBXGroup;
			children = (
				257DF583241D8AC000B5EB06 /* ViewCodeProtocol.swift */,
				63FDD3A12431672A0038C02B /* CellReusable.swift */,
				63867B7424705DBE00FA5A2E /* TableViewListable.swift */,
				63F3010024706B5F003DA98F /* CellConfigurable.swift */,
			);
			path = View;
			sourceTree = "<group>";
		};
		63FDD39F243166CA0038C02B /* View */ = {
			isa = PBXGroup;
			children = (
				257DF586241D8C0100B5EB06 /* UIView+Extensions.swift */,
				254B577B242520270063488C /* UIImageView+Extensions.swift */,
			);
			path = View;
			sourceTree = "<group>";
		};
		63FDD3A0243166D30038C02B /* Style */ = {
			isa = PBXGroup;
			children = (
				25806438242141E700D90E23 /* UIColor+Extensions.swift */,
			);
			path = Style;
			sourceTree = "<group>";
		};
		63FDD3A3243167620038C02B /* TableView */ = {
			isa = PBXGroup;
			children = (
				63FDD3A42431676F0038C02B /* UITableView+Reusable.swift */,
			);
			path = TableView;
			sourceTree = "<group>";
		};
		63FDD3A6243168270038C02B /* TableViewCell */ = {
			isa = PBXGroup;
			children = (
				63FDD3A7243168640038C02B /* CovidCasesTableViewCell.swift */,
			);
			path = TableViewCell;
			sourceTree = "<group>";
		};
		6F72F3595D50AE210578EE79 /* Pods */ = {
			isa = PBXGroup;
			children = (
				A7D09BBDEA05939DEAF4BE2E /* Pods-CoronaCases.debug.xcconfig */,
				2F9558C39D5CC73B74C8C565 /* Pods-CoronaCases.release.xcconfig */,
				24CF4106346E6FCC6FCC429C /* Pods-CoronaCasesTests.debug.xcconfig */,
				1A97A49AD08FE1E74CF2930B /* Pods-CoronaCasesTests.release.xcconfig */,
				EEA12ADD9797BB596A444339 /* Pods-CovidCases.debug.xcconfig */,
				B1FFC35417004F922FF1E329 /* Pods-CovidCases.release.xcconfig */,
				CC64F89307C74725D2F604F4 /* Pods-CovidCasesTests.debug.xcconfig */,
				55FBD1A88E3A6B726B2DEF97 /* Pods-CovidCasesTests.release.xcconfig */,
			);
			path = Pods;
			sourceTree = "<group>";
		};
		D73803CE2513B71A6025825E /* Frameworks */ = {
			isa = PBXGroup;
			children = (
				B6EA87C1876CEA29F52D6828 /* Pods_CovidCases.framework */,
				B8F5EDCBE986C3FD7C0480AC /* Pods_CovidCasesTests.framework */,
			);
			name = Frameworks;
			sourceTree = "<group>";
		};
/* End PBXGroup section */

/* Begin PBXNativeTarget section */
		638A15B2241D5A9400896601 /* CovidCases */ = {
			isa = PBXNativeTarget;
			buildConfigurationList = 638A15D2241D5A9700896601 /* Build configuration list for PBXNativeTarget "CovidCases" */;
			buildPhases = (
				255ED8F4C91CA370AC0C243A /* [CP] Check Pods Manifest.lock */,
				2580643C2422678200D90E23 /* R Swift */,
				638A15AF241D5A9400896601 /* Sources */,
				638A15B0241D5A9400896601 /* Frameworks */,
				638A15B1241D5A9400896601 /* Resources */,
				9A28091C145BE479C680FBA9 /* [CP] Embed Pods Frameworks */,
			);
			buildRules = (
			);
			dependencies = (
			);
			name = CovidCases;
			productName = CoronaCases;
			productReference = 638A15B3241D5A9400896601 /* CovidCases.app */;
			productType = "com.apple.product-type.application";
		};
		638A15C8241D5A9700896601 /* CovidCasesTests */ = {
			isa = PBXNativeTarget;
			buildConfigurationList = 638A15D5241D5A9700896601 /* Build configuration list for PBXNativeTarget "CovidCasesTests" */;
			buildPhases = (
				7FC39877297EF4515D1F796E /* [CP] Check Pods Manifest.lock */,
				638A15C5241D5A9700896601 /* Sources */,
				638A15C6241D5A9700896601 /* Frameworks */,
				638A15C7241D5A9700896601 /* Resources */,
			);
			buildRules = (
			);
			dependencies = (
				638A15CB241D5A9700896601 /* PBXTargetDependency */,
			);
			name = CovidCasesTests;
			productName = CoronaCasesTests;
			productReference = 638A15C9241D5A9700896601 /* CovidCasesTests.xctest */;
			productType = "com.apple.product-type.bundle.unit-test";
		};
/* End PBXNativeTarget section */

/* Begin PBXProject section */
		638A15AB241D5A9400896601 /* Project object */ = {
			isa = PBXProject;
			attributes = {
				LastSwiftUpdateCheck = 1130;
				LastUpgradeCheck = 1130;
				ORGANIZATIONNAME = "A7&M";
				TargetAttributes = {
					638A15B2241D5A9400896601 = {
						CreatedOnToolsVersion = 11.3;
					};
					638A15C8241D5A9700896601 = {
						CreatedOnToolsVersion = 11.3;
						TestTargetID = 638A15B2241D5A9400896601;
					};
				};
			};
			buildConfigurationList = 638A15AE241D5A9400896601 /* Build configuration list for PBXProject "CovidCases" */;
			compatibilityVersion = "Xcode 9.3";
			developmentRegion = en;
			hasScannedForEncodings = 0;
			knownRegions = (
				en,
				Base,
				"pt-BR",
			);
			mainGroup = 638A15AA241D5A9400896601;
			productRefGroup = 638A15B4241D5A9400896601 /* Products */;
			projectDirPath = "";
			projectRoot = "";
			targets = (
				638A15B2241D5A9400896601 /* CovidCases */,
				638A15C8241D5A9700896601 /* CovidCasesTests */,
			);
		};
/* End PBXProject section */

/* Begin PBXResourcesBuildPhase section */
		638A15B1241D5A9400896601 /* Resources */ = {
			isa = PBXResourcesBuildPhase;
			buildActionMask = 2147483647;
			files = (
				638A15C3241D5A9600896601 /* LaunchScreen.storyboard in Resources */,
				258064622423FE4800D90E23 /* InfoPlist.strings in Resources */,
				258064452422B2D700D90E23 /* Localizable.strings in Resources */,
				638A15C0241D5A9600896601 /* Assets.xcassets in Resources */,
			);
			runOnlyForDeploymentPostprocessing = 0;
		};
		638A15C7241D5A9700896601 /* Resources */ = {
			isa = PBXResourcesBuildPhase;
			buildActionMask = 2147483647;
			files = (
			);
			runOnlyForDeploymentPostprocessing = 0;
		};
/* End PBXResourcesBuildPhase section */

/* Begin PBXShellScriptBuildPhase section */
		255ED8F4C91CA370AC0C243A /* [CP] Check Pods Manifest.lock */ = {
			isa = PBXShellScriptBuildPhase;
			buildActionMask = 2147483647;
			files = (
			);
			inputFileListPaths = (
			);
			inputPaths = (
				"${PODS_PODFILE_DIR_PATH}/Podfile.lock",
				"${PODS_ROOT}/Manifest.lock",
			);
			name = "[CP] Check Pods Manifest.lock";
			outputFileListPaths = (
			);
			outputPaths = (
				"$(DERIVED_FILE_DIR)/Pods-CovidCases-checkManifestLockResult.txt",
			);
			runOnlyForDeploymentPostprocessing = 0;
			shellPath = /bin/sh;
			shellScript = "diff \"${PODS_PODFILE_DIR_PATH}/Podfile.lock\" \"${PODS_ROOT}/Manifest.lock\" > /dev/null\nif [ $? != 0 ] ; then\n    # print error to STDERR\n    echo \"error: The sandbox is not in sync with the Podfile.lock. Run 'pod install' or update your CocoaPods installation.\" >&2\n    exit 1\nfi\n# This output is used by Xcode 'outputs' to avoid re-running this script phase.\necho \"SUCCESS\" > \"${SCRIPT_OUTPUT_FILE_0}\"\n";
			showEnvVarsInLog = 0;
		};
		2580643C2422678200D90E23 /* R Swift */ = {
			isa = PBXShellScriptBuildPhase;
			buildActionMask = 2147483647;
			files = (
			);
			inputFileListPaths = (
			);
			inputPaths = (
				"$TEMP_DIR/rswift-lastrun",
			);
			name = "R Swift";
			outputFileListPaths = (
			);
			outputPaths = (
				$SRCROOT/R.generated.swift,
			);
			runOnlyForDeploymentPostprocessing = 0;
			shellPath = /bin/sh;
			shellScript = "# Type a script or drag a script file from your workspace to insert its path.\n\"$PODS_ROOT/R.swift/rswift\" generate \"$SRCROOT/R.generated.swift\"\n";
		};
		7FC39877297EF4515D1F796E /* [CP] Check Pods Manifest.lock */ = {
			isa = PBXShellScriptBuildPhase;
			buildActionMask = 2147483647;
			files = (
			);
			inputFileListPaths = (
			);
			inputPaths = (
				"${PODS_PODFILE_DIR_PATH}/Podfile.lock",
				"${PODS_ROOT}/Manifest.lock",
			);
			name = "[CP] Check Pods Manifest.lock";
			outputFileListPaths = (
			);
			outputPaths = (
				"$(DERIVED_FILE_DIR)/Pods-CovidCasesTests-checkManifestLockResult.txt",
			);
			runOnlyForDeploymentPostprocessing = 0;
			shellPath = /bin/sh;
			shellScript = "diff \"${PODS_PODFILE_DIR_PATH}/Podfile.lock\" \"${PODS_ROOT}/Manifest.lock\" > /dev/null\nif [ $? != 0 ] ; then\n    # print error to STDERR\n    echo \"error: The sandbox is not in sync with the Podfile.lock. Run 'pod install' or update your CocoaPods installation.\" >&2\n    exit 1\nfi\n# This output is used by Xcode 'outputs' to avoid re-running this script phase.\necho \"SUCCESS\" > \"${SCRIPT_OUTPUT_FILE_0}\"\n";
			showEnvVarsInLog = 0;
		};
		9A28091C145BE479C680FBA9 /* [CP] Embed Pods Frameworks */ = {
			isa = PBXShellScriptBuildPhase;
			buildActionMask = 2147483647;
			files = (
			);
			inputFileListPaths = (
				"${PODS_ROOT}/Target Support Files/Pods-CovidCases/Pods-CovidCases-frameworks-${CONFIGURATION}-input-files.xcfilelist",
			);
			name = "[CP] Embed Pods Frameworks";
			outputFileListPaths = (
				"${PODS_ROOT}/Target Support Files/Pods-CovidCases/Pods-CovidCases-frameworks-${CONFIGURATION}-output-files.xcfilelist",
			);
			runOnlyForDeploymentPostprocessing = 0;
			shellPath = /bin/sh;
			shellScript = "\"${PODS_ROOT}/Target Support Files/Pods-CovidCases/Pods-CovidCases-frameworks.sh\"\n";
			showEnvVarsInLog = 0;
		};
/* End PBXShellScriptBuildPhase section */

/* Begin PBXSourcesBuildPhase section */
		638A15AF241D5A9400896601 /* Sources */ = {
			isa = PBXSourcesBuildPhase;
			buildActionMask = 2147483647;
			files = (
				254CC6722432A9DF00EB9D81 /* PreventionTipsView.swift in Sources */,
				254B577C242520270063488C /* UIImageView+Extensions.swift in Sources */,
				63867B7324705D9000FA5A2E /* CountryFormatter.swift in Sources */,
				254B578D242537E30063488C /* OnboardView.swift in Sources */,
				259D9B7824689B120068B930 /* PreventionTipsViewModel.swift in Sources */,
				257DF580241D83DD00B5EB06 /* LocationPermissionView.swift in Sources */,
				638A15DC241D69FA00896601 /* Coordinator.swift in Sources */,
				635D35C12431349300A98FD4 /* CovidCasesPresenterContract.swift in Sources */,
				638A15E4241D74F300896601 /* PushedCoordinator.swift in Sources */,
				63867B7724705DF100FA5A2E /* CovidCasesListable.swift in Sources */,
				25FAF445245642000075300B /* StaticSlidableScreen.swift in Sources */,
				254CC65F242FB81200EB9D81 /* CovidCasesViewController.swift in Sources */,
				63F301092470845A003DA98F /* CovidCasesHeaderStyle.swift in Sources */,
				6332115B241D956D00DE444F /* ResponseStatus.swift in Sources */,
				254B5782242526B60063488C /* ButtonState.swift in Sources */,
				258064502423E9FB00D90E23 /* AuthorizationResult.swift in Sources */,
				63F3010424708377003DA98F /* CovidCasesHeaderView.swift in Sources */,
				63321141241D7E4800DE444F /* LocationPermissionViewController.swift in Sources */,
				63FDD3A22431672A0038C02B /* CellReusable.swift in Sources */,
				259D9B7624674C1A0068B930 /* CovidCasesFonts.swift in Sources */,
				258064562423EA9D00D90E23 /* LocationManager.swift in Sources */,
				254B578A242537E30063488C /* OnboardCoordinator.swift in Sources */,
				63F3010124706B5F003DA98F /* CellConfigurable.swift in Sources */,
				63E7AEC3242E8E56006F3A93 /* BaseResponse.swift in Sources */,
				635D35C52431354800A98FD4 /* CovidCasesViewContract.swift in Sources */,
				6332116F241D9CFB00DE444F /* ServiceContract.swift in Sources */,
				6332115F241D958600DE444F /* NetworkCore.swift in Sources */,
				63321159241D956500DE444F /* Result.swift in Sources */,
				63321164241D960A00DE444F /* NetworkError.swift in Sources */,
				254CC656242FB7A000EB9D81 /* CovidCasesCoordinator.swift in Sources */,
				254B578E242537E30063488C /* OnboardViewModel.swift in Sources */,
				63321157241D955600DE444F /* Response.swift in Sources */,
				63E7AEC5242E9097006F3A93 /* Cases.swift in Sources */,
				254CC663242FBD9500EB9D81 /* LocationPermissionViewModelDelegate.swift in Sources */,
				254CC660242FB81200EB9D81 /* CovidCasesView.swift in Sources */,
				638A15DE241D6A0700896601 /* AppCoordinator.swift in Sources */,
				258A83152468A26200F63F54 /* PreventionTips.swift in Sources */,
				2580644B2423C1F400D90E23 /* LocationPermissionViewModel.swift in Sources */,
				25FAF44724564B580075300B /* PreventionTipsViewController.swift in Sources */,
				6332113E241D7D7F00DE444F /* LocationPermissionCoordinator.swift in Sources */,
				254B577F242520F20063488C /* CoronaButton.swift in Sources */,
				63FDD3A8243168640038C02B /* CovidCasesTableViewCell.swift in Sources */,
				257DF587241D8C0100B5EB06 /* UIView+Extensions.swift in Sources */,
				63867B7524705DBE00FA5A2E /* TableViewListable.swift in Sources */,
				2580643724213DCE00D90E23 /* CustomColors.swift in Sources */,
				63F3010B247086F1003DA98F /* CountryListFormatter.swift in Sources */,
				63F30107247083EC003DA98F /* CovidCasesHeaderType.swift in Sources */,
				2580645B2423EBD700D90E23 /* ReverseGeocodeResult.swift in Sources */,
				2580643E24226B2E00D90E23 /* R.generated.swift in Sources */,
				63E7AEC7242E90A1006F3A93 /* Deaths.swift in Sources */,
				254CC661242FB81200EB9D81 /* CovidCasesPresenter.swift in Sources */,
				254B578C242537E30063488C /* OnboardViewController.swift in Sources */,
				2580645D2423EC1300D90E23 /* CLGeocoderProtocol.swift in Sources */,
				258064592423EB1900D90E23 /* CLLocationManagerProtocol.swift in Sources */,
				63FDD3A52431676F0038C02B /* UITableView+Reusable.swift in Sources */,
				254B578B242537E30063488C /* OnboardViewModelDelegate.swift in Sources */,
				257DF584241D8AC000B5EB06 /* ViewCodeProtocol.swift in Sources */,
				25E2B98E243D48050061EF96 /* TipView.swift in Sources */,
				2580644D2423E9BF00D90E23 /* LocationManagerProtocol.swift in Sources */,
				638A15B7241D5A9400896601 /* AppDelegate.swift in Sources */,
				6332114E241D91BA00DE444F /* Country.swift in Sources */,
				63321162241D95C400DE444F /* NetworkErrorContract.swift in Sources */,
				258A8319246988D600F63F54 /* PreventionTipsCoordinator.swift in Sources */,
				635D35C72431371300A98FD4 /* CovidCasesServiceContract.swift in Sources */,
				638A15B9241D5A9400896601 /* SceneDelegate.swift in Sources */,
				636FDFCF2431649400144D1C /* CovidCasesDataSourceDelegate.swift in Sources */,
				258064522423EA2E00D90E23 /* LocationResult.swift in Sources */,
				25806439242141E700D90E23 /* UIColor+Extensions.swift in Sources */,
				638A15E6241D750900896601 /* ShowedCoordinator.swift in Sources */,
				6332116A241D9B7C00DE444F /* CoronaNetworkRequest.swift in Sources */,
				63321166241D961500DE444F /* NetworkErrorType.swift in Sources */,
				635D35C3243134B700A98FD4 /* CovidCasesCoordinatorContract.swift in Sources */,
				636FDFCB24315DD500144D1C /* CovidCasesViewState.swift in Sources */,
				63321155241D953300DE444F /* NetworkDispatcher.swift in Sources */,
				63867B7924705E0E00FA5A2E /* CovidCasesSearchListable.swift in Sources */,
				6332115D241D957B00DE444F /* NetworkRequest.swift in Sources */,
				6332116C241D9CBB00DE444F /* CovidCasesService.swift in Sources */,
			);
			runOnlyForDeploymentPostprocessing = 0;
		};
		638A15C5241D5A9700896601 /* Sources */ = {
			isa = PBXSourcesBuildPhase;
			buildActionMask = 2147483647;
			files = (
				638A15CE241D5A9700896601 /* CovidCasesTests.swift in Sources */,
			);
			runOnlyForDeploymentPostprocessing = 0;
		};
/* End PBXSourcesBuildPhase section */

/* Begin PBXTargetDependency section */
		638A15CB241D5A9700896601 /* PBXTargetDependency */ = {
			isa = PBXTargetDependency;
			target = 638A15B2241D5A9400896601 /* CovidCases */;
			targetProxy = 638A15CA241D5A9700896601 /* PBXContainerItemProxy */;
		};
/* End PBXTargetDependency section */

/* Begin PBXVariantGroup section */
		258064472422B2D700D90E23 /* Localizable.strings */ = {
			isa = PBXVariantGroup;
			children = (
				258064462422B2D700D90E23 /* en */,
				258064482422B2DF00D90E23 /* pt-BR */,
			);
			name = Localizable.strings;
			sourceTree = "<group>";
		};
		258064642423FE4800D90E23 /* InfoPlist.strings */ = {
			isa = PBXVariantGroup;
			children = (
				258064632423FE4800D90E23 /* pt-BR */,
				258064652424044700D90E23 /* en */,
			);
			name = InfoPlist.strings;
			sourceTree = "<group>";
		};
		638A15C1241D5A9600896601 /* LaunchScreen.storyboard */ = {
			isa = PBXVariantGroup;
			children = (
				638A15C2241D5A9600896601 /* Base */,
				258064442422B25100D90E23 /* pt-BR */,
			);
			name = LaunchScreen.storyboard;
			sourceTree = "<group>";
		};
/* End PBXVariantGroup section */

/* Begin XCBuildConfiguration section */
		638A15D0241D5A9700896601 /* Debug */ = {
			isa = XCBuildConfiguration;
			buildSettings = {
				ALWAYS_SEARCH_USER_PATHS = NO;
				CLANG_ANALYZER_LOCALIZABILITY_NONLOCALIZED = YES;
				CLANG_ANALYZER_NONNULL = YES;
				CLANG_ANALYZER_NUMBER_OBJECT_CONVERSION = YES_AGGRESSIVE;
				CLANG_CXX_LANGUAGE_STANDARD = "gnu++14";
				CLANG_CXX_LIBRARY = "libc++";
				CLANG_ENABLE_MODULES = YES;
				CLANG_ENABLE_OBJC_ARC = YES;
				CLANG_ENABLE_OBJC_WEAK = YES;
				CLANG_WARN_BLOCK_CAPTURE_AUTORELEASING = YES;
				CLANG_WARN_BOOL_CONVERSION = YES;
				CLANG_WARN_COMMA = YES;
				CLANG_WARN_CONSTANT_CONVERSION = YES;
				CLANG_WARN_DEPRECATED_OBJC_IMPLEMENTATIONS = YES;
				CLANG_WARN_DIRECT_OBJC_ISA_USAGE = YES_ERROR;
				CLANG_WARN_DOCUMENTATION_COMMENTS = YES;
				CLANG_WARN_EMPTY_BODY = YES;
				CLANG_WARN_ENUM_CONVERSION = YES;
				CLANG_WARN_INFINITE_RECURSION = YES;
				CLANG_WARN_INT_CONVERSION = YES;
				CLANG_WARN_NON_LITERAL_NULL_CONVERSION = YES;
				CLANG_WARN_OBJC_IMPLICIT_RETAIN_SELF = YES;
				CLANG_WARN_OBJC_LITERAL_CONVERSION = YES;
				CLANG_WARN_OBJC_ROOT_CLASS = YES_ERROR;
				CLANG_WARN_RANGE_LOOP_ANALYSIS = YES;
				CLANG_WARN_STRICT_PROTOTYPES = YES;
				CLANG_WARN_SUSPICIOUS_MOVE = YES;
				CLANG_WARN_UNGUARDED_AVAILABILITY = YES_AGGRESSIVE;
				CLANG_WARN_UNREACHABLE_CODE = YES;
				CLANG_WARN__DUPLICATE_METHOD_MATCH = YES;
				COPY_PHASE_STRIP = NO;
				DEBUG_INFORMATION_FORMAT = dwarf;
				ENABLE_STRICT_OBJC_MSGSEND = YES;
				ENABLE_TESTABILITY = YES;
				GCC_C_LANGUAGE_STANDARD = gnu11;
				GCC_DYNAMIC_NO_PIC = NO;
				GCC_NO_COMMON_BLOCKS = YES;
				GCC_OPTIMIZATION_LEVEL = 0;
				GCC_PREPROCESSOR_DEFINITIONS = (
					"DEBUG=1",
					"$(inherited)",
				);
				GCC_WARN_64_TO_32_BIT_CONVERSION = YES;
				GCC_WARN_ABOUT_RETURN_TYPE = YES_ERROR;
				GCC_WARN_UNDECLARED_SELECTOR = YES;
				GCC_WARN_UNINITIALIZED_AUTOS = YES_AGGRESSIVE;
				GCC_WARN_UNUSED_FUNCTION = YES;
				GCC_WARN_UNUSED_VARIABLE = YES;
				IPHONEOS_DEPLOYMENT_TARGET = 13.2;
				MTL_ENABLE_DEBUG_INFO = INCLUDE_SOURCE;
				MTL_FAST_MATH = YES;
				ONLY_ACTIVE_ARCH = YES;
				SDKROOT = iphoneos;
				SWIFT_ACTIVE_COMPILATION_CONDITIONS = DEBUG;
				SWIFT_OPTIMIZATION_LEVEL = "-Onone";
			};
			name = Debug;
		};
		638A15D1241D5A9700896601 /* Release */ = {
			isa = XCBuildConfiguration;
			buildSettings = {
				ALWAYS_SEARCH_USER_PATHS = NO;
				CLANG_ANALYZER_LOCALIZABILITY_NONLOCALIZED = YES;
				CLANG_ANALYZER_NONNULL = YES;
				CLANG_ANALYZER_NUMBER_OBJECT_CONVERSION = YES_AGGRESSIVE;
				CLANG_CXX_LANGUAGE_STANDARD = "gnu++14";
				CLANG_CXX_LIBRARY = "libc++";
				CLANG_ENABLE_MODULES = YES;
				CLANG_ENABLE_OBJC_ARC = YES;
				CLANG_ENABLE_OBJC_WEAK = YES;
				CLANG_WARN_BLOCK_CAPTURE_AUTORELEASING = YES;
				CLANG_WARN_BOOL_CONVERSION = YES;
				CLANG_WARN_COMMA = YES;
				CLANG_WARN_CONSTANT_CONVERSION = YES;
				CLANG_WARN_DEPRECATED_OBJC_IMPLEMENTATIONS = YES;
				CLANG_WARN_DIRECT_OBJC_ISA_USAGE = YES_ERROR;
				CLANG_WARN_DOCUMENTATION_COMMENTS = YES;
				CLANG_WARN_EMPTY_BODY = YES;
				CLANG_WARN_ENUM_CONVERSION = YES;
				CLANG_WARN_INFINITE_RECURSION = YES;
				CLANG_WARN_INT_CONVERSION = YES;
				CLANG_WARN_NON_LITERAL_NULL_CONVERSION = YES;
				CLANG_WARN_OBJC_IMPLICIT_RETAIN_SELF = YES;
				CLANG_WARN_OBJC_LITERAL_CONVERSION = YES;
				CLANG_WARN_OBJC_ROOT_CLASS = YES_ERROR;
				CLANG_WARN_RANGE_LOOP_ANALYSIS = YES;
				CLANG_WARN_STRICT_PROTOTYPES = YES;
				CLANG_WARN_SUSPICIOUS_MOVE = YES;
				CLANG_WARN_UNGUARDED_AVAILABILITY = YES_AGGRESSIVE;
				CLANG_WARN_UNREACHABLE_CODE = YES;
				CLANG_WARN__DUPLICATE_METHOD_MATCH = YES;
				COPY_PHASE_STRIP = NO;
				DEBUG_INFORMATION_FORMAT = "dwarf-with-dsym";
				ENABLE_NS_ASSERTIONS = NO;
				ENABLE_STRICT_OBJC_MSGSEND = YES;
				GCC_C_LANGUAGE_STANDARD = gnu11;
				GCC_NO_COMMON_BLOCKS = YES;
				GCC_WARN_64_TO_32_BIT_CONVERSION = YES;
				GCC_WARN_ABOUT_RETURN_TYPE = YES_ERROR;
				GCC_WARN_UNDECLARED_SELECTOR = YES;
				GCC_WARN_UNINITIALIZED_AUTOS = YES_AGGRESSIVE;
				GCC_WARN_UNUSED_FUNCTION = YES;
				GCC_WARN_UNUSED_VARIABLE = YES;
				IPHONEOS_DEPLOYMENT_TARGET = 13.2;
				MTL_ENABLE_DEBUG_INFO = NO;
				MTL_FAST_MATH = YES;
				SDKROOT = iphoneos;
				SWIFT_COMPILATION_MODE = wholemodule;
				SWIFT_OPTIMIZATION_LEVEL = "-O";
				VALIDATE_PRODUCT = YES;
			};
			name = Release;
		};
		638A15D3241D5A9700896601 /* Debug */ = {
			isa = XCBuildConfiguration;
			baseConfigurationReference = EEA12ADD9797BB596A444339 /* Pods-CovidCases.debug.xcconfig */;
			buildSettings = {
				ASSETCATALOG_COMPILER_APPICON_NAME = AppIcon;
				CODE_SIGN_STYLE = Automatic;
				DEVELOPMENT_TEAM = 4K98XCHLD4;
				INFOPLIST_FILE = CoronaCases/Infrastructure/Resources/Info.plist;
				LD_RUNPATH_SEARCH_PATHS = (
					"$(inherited)",
					"@executable_path/Frameworks",
				);
				PRODUCT_BUNDLE_IDENTIFIER = "br.com.a7-m.CovidCases";
				PRODUCT_NAME = CovidCases;
				SWIFT_VERSION = 5.0;
				TARGETED_DEVICE_FAMILY = "1,2";
			};
			name = Debug;
		};
		638A15D4241D5A9700896601 /* Release */ = {
			isa = XCBuildConfiguration;
			baseConfigurationReference = B1FFC35417004F922FF1E329 /* Pods-CovidCases.release.xcconfig */;
			buildSettings = {
				ASSETCATALOG_COMPILER_APPICON_NAME = AppIcon;
				CODE_SIGN_STYLE = Automatic;
				DEVELOPMENT_TEAM = 4K98XCHLD4;
				INFOPLIST_FILE = CoronaCases/Infrastructure/Resources/Info.plist;
				LD_RUNPATH_SEARCH_PATHS = (
					"$(inherited)",
					"@executable_path/Frameworks",
				);
				PRODUCT_BUNDLE_IDENTIFIER = "br.com.a7-m.CovidCases";
				PRODUCT_NAME = CovidCases;
				SWIFT_VERSION = 5.0;
				TARGETED_DEVICE_FAMILY = "1,2";
			};
			name = Release;
		};
		638A15D6241D5A9700896601 /* Debug */ = {
			isa = XCBuildConfiguration;
			baseConfigurationReference = CC64F89307C74725D2F604F4 /* Pods-CovidCasesTests.debug.xcconfig */;
			buildSettings = {
				ALWAYS_EMBED_SWIFT_STANDARD_LIBRARIES = YES;
				BUNDLE_LOADER = "$(TEST_HOST)";
				CODE_SIGN_STYLE = Automatic;
				INFOPLIST_FILE = CoronaCasesTests/Info.plist;
				IPHONEOS_DEPLOYMENT_TARGET = 13.2;
				LD_RUNPATH_SEARCH_PATHS = (
					"$(inherited)",
					"@executable_path/Frameworks",
					"@loader_path/Frameworks",
				);
				PRODUCT_BUNDLE_IDENTIFIER = br.com.chapadao.CoronaCasesTests;
				PRODUCT_NAME = "$(TARGET_NAME)";
				SWIFT_VERSION = 5.0;
				TARGETED_DEVICE_FAMILY = "1,2";
				TEST_HOST = "$(BUILT_PRODUCTS_DIR)/CovidCases.app/CovidCases";
			};
			name = Debug;
		};
		638A15D7241D5A9700896601 /* Release */ = {
			isa = XCBuildConfiguration;
			baseConfigurationReference = 55FBD1A88E3A6B726B2DEF97 /* Pods-CovidCasesTests.release.xcconfig */;
			buildSettings = {
				ALWAYS_EMBED_SWIFT_STANDARD_LIBRARIES = YES;
				BUNDLE_LOADER = "$(TEST_HOST)";
				CODE_SIGN_STYLE = Automatic;
				INFOPLIST_FILE = CoronaCasesTests/Info.plist;
				IPHONEOS_DEPLOYMENT_TARGET = 13.2;
				LD_RUNPATH_SEARCH_PATHS = (
					"$(inherited)",
					"@executable_path/Frameworks",
					"@loader_path/Frameworks",
				);
				PRODUCT_BUNDLE_IDENTIFIER = br.com.chapadao.CoronaCasesTests;
				PRODUCT_NAME = "$(TARGET_NAME)";
				SWIFT_VERSION = 5.0;
				TARGETED_DEVICE_FAMILY = "1,2";
				TEST_HOST = "$(BUILT_PRODUCTS_DIR)/CovidCases.app/CovidCases";
			};
			name = Release;
		};
/* End XCBuildConfiguration section */

/* Begin XCConfigurationList section */
		638A15AE241D5A9400896601 /* Build configuration list for PBXProject "CovidCases" */ = {
			isa = XCConfigurationList;
			buildConfigurations = (
				638A15D0241D5A9700896601 /* Debug */,
				638A15D1241D5A9700896601 /* Release */,
			);
			defaultConfigurationIsVisible = 0;
			defaultConfigurationName = Release;
		};
		638A15D2241D5A9700896601 /* Build configuration list for PBXNativeTarget "CovidCases" */ = {
			isa = XCConfigurationList;
			buildConfigurations = (
				638A15D3241D5A9700896601 /* Debug */,
				638A15D4241D5A9700896601 /* Release */,
			);
			defaultConfigurationIsVisible = 0;
			defaultConfigurationName = Release;
		};
		638A15D5241D5A9700896601 /* Build configuration list for PBXNativeTarget "CovidCasesTests" */ = {
			isa = XCConfigurationList;
			buildConfigurations = (
				638A15D6241D5A9700896601 /* Debug */,
				638A15D7241D5A9700896601 /* Release */,
			);
			defaultConfigurationIsVisible = 0;
			defaultConfigurationName = Release;
		};
/* End XCConfigurationList section */
	};
	rootObject = 638A15AB241D5A9400896601 /* Project object */;
}
